
Microsoft Visual Studio Solution File, Format Version 12.00
# Visual Studio 15
VisualStudioVersion = 15.0.26730.12
MinimumVisualStudioVersion = 10.0.40219.1
Project("{FAE04EC0-301F-11D3-BF4B-00C04F79EFBC}") = "snapper.core", "snapper.core\snapper.core.csproj", "{BDCBC646-92DB-4C27-97BC-268530331335}"
EndProject
Project("{FAE04EC0-301F-11D3-BF4B-00C04F79EFBC}") = "snapper.testharness", "snapper.testharness\snapper.testharness.csproj", "{B446576C-9345-4F42-920A-379FE88D0B1E}"
EndProject
Project("{FAE04EC0-301F-11D3-BF4B-00C04F79EFBC}") = "snapper.app", "snapper.app\snapper.app.csproj", "{7B37D521-AA7E-44E0-9CED-EAD912A662CC}"
EndProject
Global
	GlobalSection(SolutionConfigurationPlatforms) = preSolution
		Debug|Any CPU = Debug|Any CPU
		Release|Any CPU = Release|Any CPU
	EndGlobalSection
	GlobalSection(ProjectConfigurationPlatforms) = postSolution
		{BDCBC646-92DB-4C27-97BC-268530331335}.Debug|Any CPU.ActiveCfg = Debug|Any CPU
		{BDCBC646-92DB-4C27-97BC-268530331335}.Debug|Any CPU.Build.0 = Debug|Any CPU
		{BDCBC646-92DB-4C27-97BC-268530331335}.Release|Any CPU.ActiveCfg = Release|Any CPU
		{BDCBC646-92DB-4C27-97BC-268530331335}.Release|Any CPU.Build.0 = Release|Any CPU
		{B446576C-9345-4F42-920A-379FE88D0B1E}.Debug|Any CPU.ActiveCfg = Debug|Any CPU
		{B446576C-9345-4F42-920A-379FE88D0B1E}.Debug|Any CPU.Build.0 = Debug|Any CPU
		{B446576C-9345-4F42-920A-379FE88D0B1E}.Release|Any CPU.ActiveCfg = Release|Any CPU
		{B446576C-9345-4F42-920A-379FE88D0B1E}.Release|Any CPU.Build.0 = Release|Any CPU
		{7B37D521-AA7E-44E0-9CED-EAD912A662CC}.Debug|Any CPU.ActiveCfg = Debug|Any CPU
		{7B37D521-AA7E-44E0-9CED-EAD912A662CC}.Debug|Any CPU.Build.0 = Debug|Any CPU
		{7B37D521-AA7E-44E0-9CED-EAD912A662CC}.Release|Any CPU.ActiveCfg = Release|Any CPU
		{7B37D521-AA7E-44E0-9CED-EAD912A662CC}.Release|Any CPU.Build.0 = Release|Any CPU
	EndGlobalSection
	GlobalSection(SolutionProperties) = preSolution
		HideSolutionNode = FALSE
	EndGlobalSection
	GlobalSection(ExtensibilityGlobals) = postSolution
		SolutionGuid = {5231B3F6-1BD4-4F83-AC5C-B85E2C81A8CB}
	EndGlobalSection
EndGlobal
